
Microsoft Visual Studio Solution File, Format Version 12.00
# Visual Studio Version 17
VisualStudioVersion = 17.5.33530.505
MinimumVisualStudioVersion = 10.0.40219.1
Project("{FAE04EC0-301F-11D3-BF4B-00C04F79EFBC}") = "84378680734086. form yeter aw", "WindowsFormsApp56\84378680734086. form yeter aw.csproj", "{3B4E1F99-7F6D-45B6-8A26-628B4475D829}"
EndProject
Global
	GlobalSection(SolutionConfigurationPlatforms) = preSolution
		Debug|Any CPU = Debug|Any CPU
		Release|Any CPU = Release|Any CPU
	EndGlobalSection
	GlobalSection(ProjectConfigurationPlatforms) = postSolution
		{3B4E1F99-7F6D-45B6-8A26-628B4475D829}.Debug|Any CPU.ActiveCfg = Debug|Any CPU
		{3B4E1F99-7F6D-45B6-8A26-628B4475D829}.Debug|Any CPU.Build.0 = Debug|Any CPU
		{3B4E1F99-7F6D-45B6-8A26-628B4475D829}.Release|Any CPU.ActiveCfg = Release|Any CPU
		{3B4E1F99-7F6D-45B6-8A26-628B4475D829}.Release|Any CPU.Build.0 = Release|Any CPU
	EndGlobalSection
	GlobalSection(SolutionProperties) = preSolution
		HideSolutionNode = FALSE
	EndGlobalSection
	GlobalSection(ExtensibilityGlobals) = postSolution
		SolutionGuid = {AD3DA953-A581-4E87-8916-E7E1B2C233F1}
	EndGlobalSection
EndGlobal
